
Microsoft Visual Studio Solution File, Format Version 12.00
# Visual Studio 14
VisualStudioVersion = 14.0.25420.1
MinimumVisualStudioVersion = 10.0.40219.1
Project("{FAE04EC0-301F-11D3-BF4B-00C04F79EFBC}") = "ConsoleApp1", "ConsoleApp1.csproj", "{D5DC1A92-098E-44B1-968F-DA8E77D43C04}"
EndProject
Project("{FAE04EC0-301F-11D3-BF4B-00C04F79EFBC}") = "UnitTestProject1", "..\UnitTestProject1\UnitTestProject1.csproj", "{75441B89-3340-4782-9E84-8E893A51DDB0}"
EndProject
Global
	GlobalSection(SolutionConfigurationPlatforms) = preSolution
		Debug|Any CPU = Debug|Any CPU
		Release|Any CPU = Release|Any CPU
	EndGlobalSection
	GlobalSection(ProjectConfigurationPlatforms) = postSolution
		{D5DC1A92-098E-44B1-968F-DA8E77D43C04}.Debug|Any CPU.ActiveCfg = Debug|Any CPU
		{D5DC1A92-098E-44B1-968F-DA8E77D43C04}.Debug|Any CPU.Build.0 = Debug|Any CPU
		{D5DC1A92-098E-44B1-968F-DA8E77D43C04}.Release|Any CPU.ActiveCfg = Release|Any CPU
		{D5DC1A92-098E-44B1-968F-DA8E77D43C04}.Release|Any CPU.Build.0 = Release|Any CPU
		{75441B89-3340-4782-9E84-8E893A51DDB0}.Debug|Any CPU.ActiveCfg = Debug|Any CPU
		{75441B89-3340-4782-9E84-8E893A51DDB0}.Debug|Any CPU.Build.0 = Debug|Any CPU
		{75441B89-3340-4782-9E84-8E893A51DDB0}.Release|Any CPU.ActiveCfg = Release|Any CPU
		{75441B89-3340-4782-9E84-8E893A51DDB0}.Release|Any CPU.Build.0 = Release|Any CPU
	EndGlobalSection
	GlobalSection(SolutionProperties) = preSolution
		HideSolutionNode = FALSE
	EndGlobalSection
EndGlobal
